
Microsoft Visual Studio Solution File, Format Version 12.00
# Visual Studio 15
VisualStudioVersion = 15.0.27004.2009
MinimumVisualStudioVersion = 10.0.40219.1
Project("{FAE04EC0-301F-11D3-BF4B-00C04F79EFBC}") = "QUANLYBANGIAY", "QUANLYBANGIAY\QUANLYBANGIAY.csproj", "{FF5634F5-939B-422F-B2A9-47C723D89F54}"
EndProject
Project("{FAE04EC0-301F-11D3-BF4B-00C04F79EFBC}") = "BLL", "BLL\BLL.csproj", "{1EED187B-A9FF-4891-9824-A03947AF8C67}"
EndProject
Project("{FAE04EC0-301F-11D3-BF4B-00C04F79EFBC}") = "DAL", "DAL\DAL.csproj", "{B3B95971-275E-4419-A83C-70EF85688F3C}"
EndProject
Global
	GlobalSection(SolutionConfigurationPlatforms) = preSolution
		Debug|Any CPU = Debug|Any CPU
		Release|Any CPU = Release|Any CPU
	EndGlobalSection
	GlobalSection(ProjectConfigurationPlatforms) = postSolution
		{FF5634F5-939B-422F-B2A9-47C723D89F54}.Debug|Any CPU.ActiveCfg = Debug|Any CPU
		{FF5634F5-939B-422F-B2A9-47C723D89F54}.Debug|Any CPU.Build.0 = Debug|Any CPU
		{FF5634F5-939B-422F-B2A9-47C723D89F54}.Release|Any CPU.ActiveCfg = Release|Any CPU
		{FF5634F5-939B-422F-B2A9-47C723D89F54}.Release|Any CPU.Build.0 = Release|Any CPU
		{1EED187B-A9FF-4891-9824-A03947AF8C67}.Debug|Any CPU.ActiveCfg = Debug|Any CPU
		{1EED187B-A9FF-4891-9824-A03947AF8C67}.Debug|Any CPU.Build.0 = Debug|Any CPU
		{1EED187B-A9FF-4891-9824-A03947AF8C67}.Release|Any CPU.ActiveCfg = Release|Any CPU
		{1EED187B-A9FF-4891-9824-A03947AF8C67}.Release|Any CPU.Build.0 = Release|Any CPU
		{B3B95971-275E-4419-A83C-70EF85688F3C}.Debug|Any CPU.ActiveCfg = Debug|Any CPU
		{B3B95971-275E-4419-A83C-70EF85688F3C}.Debug|Any CPU.Build.0 = Debug|Any CPU
		{B3B95971-275E-4419-A83C-70EF85688F3C}.Release|Any CPU.ActiveCfg = Release|Any CPU
		{B3B95971-275E-4419-A83C-70EF85688F3C}.Release|Any CPU.Build.0 = Release|Any CPU
	EndGlobalSection
	GlobalSection(SolutionProperties) = preSolution
		HideSolutionNode = FALSE
	EndGlobalSection
	GlobalSection(ExtensibilityGlobals) = postSolution
		SolutionGuid = {7FA45C53-E350-4907-99C4-97C357C9F084}
	EndGlobalSection
EndGlobal
